// !$*UTF8*$!
{
	archiveVersion = 1;
	classes = {
	};
	objectVersion = 46;
	objects = {

/* Begin PBXBuildFile section */
		9F383BD81D9503EB000E18B0 /* AppDelegate.swift in Sources */ = {isa = PBXBuildFile; fileRef = 9F383BD71D9503EB000E18B0 /* AppDelegate.swift */; };
		9F383BDA1D9503EB000E18B0 /* ViewController.swift in Sources */ = {isa = PBXBuildFile; fileRef = 9F383BD91D9503EB000E18B0 /* ViewController.swift */; };
		9F383BDD1D9503EB000E18B0 /* Main.storyboard in Resources */ = {isa = PBXBuildFile; fileRef = 9F383BDB1D9503EB000E18B0 /* Main.storyboard */; };
		9F383BDF1D9503EB000E18B0 /* Assets.xcassets in Resources */ = {isa = PBXBuildFile; fileRef = 9F383BDE1D9503EB000E18B0 /* Assets.xcassets */; };
		9F383BE21D9503EB000E18B0 /* LaunchScreen.storyboard in Resources */ = {isa = PBXBuildFile; fileRef = 9F383BE01D9503EB000E18B0 /* LaunchScreen.storyboard */; };
		9F383BED1D9503EB000E18B0 /* RxSchmidtTests.swift in Sources */ = {isa = PBXBuildFile; fileRef = 9F383BEC1D9503EB000E18B0 /* RxSchmidtTests.swift */; };
		9F383BF81D9503EB000E18B0 /* RxSchmidtUITests.swift in Sources */ = {isa = PBXBuildFile; fileRef = 9F383BF71D9503EB000E18B0 /* RxSchmidtUITests.swift */; };
		9F383C091D9513A7000E18B0 /* RxBlocking.framework in Frameworks */ = {isa = PBXBuildFile; fileRef = 9F383C061D9513A7000E18B0 /* RxBlocking.framework */; };
		9F383C0A1D9513A8000E18B0 /* RxCocoa.framework in Frameworks */ = {isa = PBXBuildFile; fileRef = 9F383C071D9513A7000E18B0 /* RxCocoa.framework */; };
		9F383C0B1D9513A8000E18B0 /* RxSwift.framework in Frameworks */ = {isa = PBXBuildFile; fileRef = 9F383C081D9513A7000E18B0 /* RxSwift.framework */; };
		9F383C0D1D9513E1000E18B0 /* RxBlocking.framework in CopyFiles */ = {isa = PBXBuildFile; fileRef = 9F383C061D9513A7000E18B0 /* RxBlocking.framework */; settings = {ATTRIBUTES = (CodeSignOnCopy, RemoveHeadersOnCopy, ); }; };
		9F383C0E1D9513E1000E18B0 /* RxCocoa.framework in CopyFiles */ = {isa = PBXBuildFile; fileRef = 9F383C071D9513A7000E18B0 /* RxCocoa.framework */; settings = {ATTRIBUTES = (CodeSignOnCopy, RemoveHeadersOnCopy, ); }; };
		9F383C0F1D9513E1000E18B0 /* RxSwift.framework in CopyFiles */ = {isa = PBXBuildFile; fileRef = 9F383C081D9513A7000E18B0 /* RxSwift.framework */; settings = {ATTRIBUTES = (CodeSignOnCopy, RemoveHeadersOnCopy, ); }; };
/* End PBXBuildFile section */

/* Begin PBXContainerItemProxy section */
		9F383BE91D9503EB000E18B0 /* PBXContainerItemProxy */ = {
			isa = PBXContainerItemProxy;
			containerPortal = 9F383BCC1D9503EA000E18B0 /* Project object */;
			proxyType = 1;
			remoteGlobalIDString = 9F383BD31D9503EA000E18B0;
			remoteInfo = RxSchmidt;
		};
		9F383BF41D9503EB000E18B0 /* PBXContainerItemProxy */ = {
			isa = PBXContainerItemProxy;
			containerPortal = 9F383BCC1D9503EA000E18B0 /* Project object */;
			proxyType = 1;
			remoteGlobalIDString = 9F383BD31D9503EA000E18B0;
			remoteInfo = RxSchmidt;
		};
/* End PBXContainerItemProxy section */

/* Begin PBXCopyFilesBuildPhase section */
		9F383C0C1D9513B3000E18B0 /* CopyFiles */ = {
			isa = PBXCopyFilesBuildPhase;
			buildActionMask = 2147483647;
			dstPath = "";
			dstSubfolderSpec = 10;
			files = (
				9F383C0D1D9513E1000E18B0 /* RxBlocking.framework in CopyFiles */,
				9F383C0E1D9513E1000E18B0 /* RxCocoa.framework in CopyFiles */,
				9F383C0F1D9513E1000E18B0 /* RxSwift.framework in CopyFiles */,
			);
			runOnlyForDeploymentPostprocessing = 0;
		};
/* End PBXCopyFilesBuildPhase section */

/* Begin PBXFileReference section */
		9F383BD41D9503EA000E18B0 /* RxSchmidt.app */ = {isa = PBXFileReference; explicitFileType = wrapper.application; includeInIndex = 0; path = RxSchmidt.app; sourceTree = BUILT_PRODUCTS_DIR; };
		9F383BD71D9503EB000E18B0 /* AppDelegate.swift */ = {isa = PBXFileReference; lastKnownFileType = sourcecode.swift; path = AppDelegate.swift; sourceTree = "<group>"; };
		9F383BD91D9503EB000E18B0 /* ViewController.swift */ = {isa = PBXFileReference; lastKnownFileType = sourcecode.swift; path = ViewController.swift; sourceTree = "<group>"; };
		9F383BDC1D9503EB000E18B0 /* Base */ = {isa = PBXFileReference; lastKnownFileType = file.storyboard; name = Base; path = Base.lproj/Main.storyboard; sourceTree = "<group>"; };
		9F383BDE1D9503EB000E18B0 /* Assets.xcassets */ = {isa = PBXFileReference; lastKnownFileType = folder.assetcatalog; path = Assets.xcassets; sourceTree = "<group>"; };
		9F383BE11D9503EB000E18B0 /* Base */ = {isa = PBXFileReference; lastKnownFileType = file.storyboard; name = Base; path = Base.lproj/LaunchScreen.storyboard; sourceTree = "<group>"; };
		9F383BE31D9503EB000E18B0 /* Info.plist */ = {isa = PBXFileReference; lastKnownFileType = text.plist.xml; path = Info.plist; sourceTree = "<group>"; };
		9F383BE81D9503EB000E18B0 /* RxSchmidtTests.xctest */ = {isa = PBXFileReference; explicitFileType = wrapper.cfbundle; includeInIndex = 0; path = RxSchmidtTests.xctest; sourceTree = BUILT_PRODUCTS_DIR; };
		9F383BEC1D9503EB000E18B0 /* RxSchmidtTests.swift */ = {isa = PBXFileReference; lastKnownFileType = sourcecode.swift; path = RxSchmidtTests.swift; sourceTree = "<group>"; };
		9F383BEE1D9503EB000E18B0 /* Info.plist */ = {isa = PBXFileReference; lastKnownFileType = text.plist.xml; path = Info.plist; sourceTree = "<group>"; };
		9F383BF31D9503EB000E18B0 /* RxSchmidtUITests.xctest */ = {isa = PBXFileReference; explicitFileType = wrapper.cfbundle; includeInIndex = 0; path = RxSchmidtUITests.xctest; sourceTree = BUILT_PRODUCTS_DIR; };
		9F383BF71D9503EB000E18B0 /* RxSchmidtUITests.swift */ = {isa = PBXFileReference; lastKnownFileType = sourcecode.swift; path = RxSchmidtUITests.swift; sourceTree = "<group>"; };
		9F383BF91D9503EB000E18B0 /* Info.plist */ = {isa = PBXFileReference; lastKnownFileType = text.plist.xml; path = Info.plist; sourceTree = "<group>"; };
		9F383C061D9513A7000E18B0 /* RxBlocking.framework */ = {isa = PBXFileReference; lastKnownFileType = wrapper.framework; name = RxBlocking.framework; path = Carthage/Build/iOS/RxBlocking.framework; sourceTree = "<group>"; };
		9F383C071D9513A7000E18B0 /* RxCocoa.framework */ = {isa = PBXFileReference; lastKnownFileType = wrapper.framework; name = RxCocoa.framework; path = Carthage/Build/iOS/RxCocoa.framework; sourceTree = "<group>"; };
		9F383C081D9513A7000E18B0 /* RxSwift.framework */ = {isa = PBXFileReference; lastKnownFileType = wrapper.framework; name = RxSwift.framework; path = Carthage/Build/iOS/RxSwift.framework; sourceTree = "<group>"; };
/* End PBXFileReference section */

/* Begin PBXFrameworksBuildPhase section */
		9F383BD11D9503EA000E18B0 /* Frameworks */ = {
			isa = PBXFrameworksBuildPhase;
			buildActionMask = 2147483647;
			files = (
				9F383C091D9513A7000E18B0 /* RxBlocking.framework in Frameworks */,
				9F383C0A1D9513A8000E18B0 /* RxCocoa.framework in Frameworks */,
				9F383C0B1D9513A8000E18B0 /* RxSwift.framework in Frameworks */,
			);
			runOnlyForDeploymentPostprocessing = 0;
		};
		9F383BE51D9503EB000E18B0 /* Frameworks */ = {
			isa = PBXFrameworksBuildPhase;
			buildActionMask = 2147483647;
			files = (
			);
			runOnlyForDeploymentPostprocessing = 0;
		};
		9F383BF01D9503EB000E18B0 /* Frameworks */ = {
			isa = PBXFrameworksBuildPhase;
			buildActionMask = 2147483647;
			files = (
			);
			runOnlyForDeploymentPostprocessing = 0;
		};
/* End PBXFrameworksBuildPhase section */

/* Begin PBXGroup section */
		9F383BCB1D9503EA000E18B0 = {
			isa = PBXGroup;
			children = (
				9F383BD61D9503EA000E18B0 /* RxSchmidt */,
				9F383BEB1D9503EB000E18B0 /* RxSchmidtTests */,
				9F383BF61D9503EB000E18B0 /* RxSchmidtUITests */,
				9F383BD51D9503EA000E18B0 /* Products */,
				9F383C051D9513A7000E18B0 /* Frameworks */,
			);
			sourceTree = "<group>";
		};
		9F383BD51D9503EA000E18B0 /* Products */ = {
			isa = PBXGroup;
			children = (
				9F383BD41D9503EA000E18B0 /* RxSchmidt.app */,
				9F383BE81D9503EB000E18B0 /* RxSchmidtTests.xctest */,
				9F383BF31D9503EB000E18B0 /* RxSchmidtUITests.xctest */,
			);
			name = Products;
			sourceTree = "<group>";
		};
		9F383BD61D9503EA000E18B0 /* RxSchmidt */ = {
			isa = PBXGroup;
			children = (
				9F383BD71D9503EB000E18B0 /* AppDelegate.swift */,
				9F383BD91D9503EB000E18B0 /* ViewController.swift */,
				9F383BDB1D9503EB000E18B0 /* Main.storyboard */,
				9F383BDE1D9503EB000E18B0 /* Assets.xcassets */,
				9F383BE01D9503EB000E18B0 /* LaunchScreen.storyboard */,
				9F383BE31D9503EB000E18B0 /* Info.plist */,
			);
			path = RxSchmidt;
			sourceTree = "<group>";
		};
		9F383BEB1D9503EB000E18B0 /* RxSchmidtTests */ = {
			isa = PBXGroup;
			children = (
				9F383BEC1D9503EB000E18B0 /* RxSchmidtTests.swift */,
				9F383BEE1D9503EB000E18B0 /* Info.plist */,
			);
			path = RxSchmidtTests;
			sourceTree = "<group>";
		};
		9F383BF61D9503EB000E18B0 /* RxSchmidtUITests */ = {
			isa = PBXGroup;
			children = (
				9F383BF71D9503EB000E18B0 /* RxSchmidtUITests.swift */,
				9F383BF91D9503EB000E18B0 /* Info.plist */,
			);
			path = RxSchmidtUITests;
			sourceTree = "<group>";
		};
		9F383C051D9513A7000E18B0 /* Frameworks */ = {
			isa = PBXGroup;
			children = (
				9F383C061D9513A7000E18B0 /* RxBlocking.framework */,
				9F383C071D9513A7000E18B0 /* RxCocoa.framework */,
				9F383C081D9513A7000E18B0 /* RxSwift.framework */,
			);
			name = Frameworks;
			sourceTree = "<group>";
		};
/* End PBXGroup section */

/* Begin PBXNativeTarget section */
		9F383BD31D9503EA000E18B0 /* RxSchmidt */ = {
			isa = PBXNativeTarget;
			buildConfigurationList = 9F383BFC1D9503EB000E18B0 /* Build configuration list for PBXNativeTarget "RxSchmidt" */;
			buildPhases = (
				9F383BD01D9503EA000E18B0 /* Sources */,
				9F383BD11D9503EA000E18B0 /* Frameworks */,
				9F383BD21D9503EA000E18B0 /* Resources */,
				9F383C0C1D9513B3000E18B0 /* CopyFiles */,
			);
			buildRules = (
			);
			dependencies = (
			);
			name = RxSchmidt;
			productName = RxSchmidt;
			productReference = 9F383BD41D9503EA000E18B0 /* RxSchmidt.app */;
			productType = "com.apple.product-type.application";
		};
		9F383BE71D9503EB000E18B0 /* RxSchmidtTests */ = {
			isa = PBXNativeTarget;
			buildConfigurationList = 9F383BFF1D9503EB000E18B0 /* Build configuration list for PBXNativeTarget "RxSchmidtTests" */;
			buildPhases = (
				9F383BE41D9503EB000E18B0 /* Sources */,
				9F383BE51D9503EB000E18B0 /* Frameworks */,
				9F383BE61D9503EB000E18B0 /* Resources */,
			);
			buildRules = (
			);
			dependencies = (
				9F383BEA1D9503EB000E18B0 /* PBXTargetDependency */,
			);
			name = RxSchmidtTests;
			productName = RxSchmidtTests;
			productReference = 9F383BE81D9503EB000E18B0 /* RxSchmidtTests.xctest */;
			productType = "com.apple.product-type.bundle.unit-test";
		};
		9F383BF21D9503EB000E18B0 /* RxSchmidtUITests */ = {
			isa = PBXNativeTarget;
			buildConfigurationList = 9F383C021D9503EB000E18B0 /* Build configuration list for PBXNativeTarget "RxSchmidtUITests" */;
			buildPhases = (
				9F383BEF1D9503EB000E18B0 /* Sources */,
				9F383BF01D9503EB000E18B0 /* Frameworks */,
				9F383BF11D9503EB000E18B0 /* Resources */,
			);
			buildRules = (
			);
			dependencies = (
				9F383BF51D9503EB000E18B0 /* PBXTargetDependency */,
			);
			name = RxSchmidtUITests;
			productName = RxSchmidtUITests;
			productReference = 9F383BF31D9503EB000E18B0 /* RxSchmidtUITests.xctest */;
			productType = "com.apple.product-type.bundle.ui-testing";
		};
/* End PBXNativeTarget section */

/* Begin PBXProject section */
		9F383BCC1D9503EA000E18B0 /* Project object */ = {
			isa = PBXProject;
			attributes = {
				LastSwiftUpdateCheck = 0800;
				LastUpgradeCheck = 0800;
				ORGANIZATIONNAME = mbnz;
				TargetAttributes = {
					9F383BD31D9503EA000E18B0 = {
						CreatedOnToolsVersion = 8.0;
						ProvisioningStyle = Automatic;
					};
					9F383BE71D9503EB000E18B0 = {
						CreatedOnToolsVersion = 8.0;
						ProvisioningStyle = Automatic;
						TestTargetID = 9F383BD31D9503EA000E18B0;
					};
					9F383BF21D9503EB000E18B0 = {
						CreatedOnToolsVersion = 8.0;
						ProvisioningStyle = Automatic;
						TestTargetID = 9F383BD31D9503EA000E18B0;
					};
				};
			};
			buildConfigurationList = 9F383BCF1D9503EA000E18B0 /* Build configuration list for PBXProject "RxSchmidt" */;
			compatibilityVersion = "Xcode 3.2";
			developmentRegion = English;
			hasScannedForEncodings = 0;
			knownRegions = (
				en,
				Base,
			);
			mainGroup = 9F383BCB1D9503EA000E18B0;
			productRefGroup = 9F383BD51D9503EA000E18B0 /* Products */;
			projectDirPath = "";
			projectRoot = "";
			targets = (
				9F383BD31D9503EA000E18B0 /* RxSchmidt */,
				9F383BE71D9503EB000E18B0 /* RxSchmidtTests */,
				9F383BF21D9503EB000E18B0 /* RxSchmidtUITests */,
			);
		};
/* End PBXProject section */

/* Begin PBXResourcesBuildPhase section */
		9F383BD21D9503EA000E18B0 /* Resources */ = {
			isa = PBXResourcesBuildPhase;
			buildActionMask = 2147483647;
			files = (
				9F383BE21D9503EB000E18B0 /* LaunchScreen.storyboard in Resources */,
				9F383BDF1D9503EB000E18B0 /* Assets.xcassets in Resources */,
				9F383BDD1D9503EB000E18B0 /* Main.storyboard in Resources */,
			);
			runOnlyForDeploymentPostprocessing = 0;
		};
		9F383BE61D9503EB000E18B0 /* Resources */ = {
			isa = PBXResourcesBuildPhase;
			buildActionMask = 2147483647;
			files = (
			);
			runOnlyForDeploymentPostprocessing = 0;
		};
		9F383BF11D9503EB000E18B0 /* Resources */ = {
			isa = PBXResourcesBuildPhase;
			buildActionMask = 2147483647;
			files = (
			);
			runOnlyForDeploymentPostprocessing = 0;
		};
/* End PBXResourcesBuildPhase section */

/* Begin PBXSourcesBuildPhase section */
		9F383BD01D9503EA000E18B0 /* Sources */ = {
			isa = PBXSourcesBuildPhase;
			buildActionMask = 2147483647;
			files = (
				9F383BDA1D9503EB000E18B0 /* ViewController.swift in Sources */,
				9F383BD81D9503EB000E18B0 /* AppDelegate.swift in Sources */,
			);
			runOnlyForDeploymentPostprocessing = 0;
		};
		9F383BE41D9503EB000E18B0 /* Sources */ = {
			isa = PBXSourcesBuildPhase;
			buildActionMask = 2147483647;
			files = (
				9F383BED1D9503EB000E18B0 /* RxSchmidtTests.swift in Sources */,
			);
			runOnlyForDeploymentPostprocessing = 0;
		};
		9F383BEF1D9503EB000E18B0 /* Sources */ = {
			isa = PBXSourcesBuildPhase;
			buildActionMask = 2147483647;
			files = (
				9F383BF81D9503EB000E18B0 /* RxSchmidtUITests.swift in Sources */,
			);
			runOnlyForDeploymentPostprocessing = 0;
		};
/* End PBXSourcesBuildPhase section */

/* Begin PBXTargetDependency section */
		9F383BEA1D9503EB000E18B0 /* PBXTargetDependency */ = {
			isa = PBXTargetDependency;
			target = 9F383BD31D9503EA000E18B0 /* RxSchmidt */;
			targetProxy = 9F383BE91D9503EB000E18B0 /* PBXContainerItemProxy */;
		};
		9F383BF51D9503EB000E18B0 /* PBXTargetDependency */ = {
			isa = PBXTargetDependency;
			target = 9F383BD31D9503EA000E18B0 /* RxSchmidt */;
			targetProxy = 9F383BF41D9503EB000E18B0 /* PBXContainerItemProxy */;
		};
/* End PBXTargetDependency section */

/* Begin PBXVariantGroup section */
		9F383BDB1D9503EB000E18B0 /* Main.storyboard */ = {
			isa = PBXVariantGroup;
			children = (
				9F383BDC1D9503EB000E18B0 /* Base */,
			);
			name = Main.storyboard;
			sourceTree = "<group>";
		};
		9F383BE01D9503EB000E18B0 /* LaunchScreen.storyboard */ = {
			isa = PBXVariantGroup;
			children = (
				9F383BE11D9503EB000E18B0 /* Base */,
			);
			name = LaunchScreen.storyboard;
			sourceTree = "<group>";
		};
/* End PBXVariantGroup section */

/* Begin XCBuildConfiguration section */
		9F383BFA1D9503EB000E18B0 /* Debug */ = {
			isa = XCBuildConfiguration;
			buildSettings = {
				ALWAYS_SEARCH_USER_PATHS = NO;
				CLANG_ANALYZER_NONNULL = YES;
				CLANG_CXX_LANGUAGE_STANDARD = "gnu++0x";
				CLANG_CXX_LIBRARY = "libc++";
				CLANG_ENABLE_MODULES = YES;
				CLANG_ENABLE_OBJC_ARC = YES;
				CLANG_WARN_BOOL_CONVERSION = YES;
				CLANG_WARN_CONSTANT_CONVERSION = YES;
				CLANG_WARN_DIRECT_OBJC_ISA_USAGE = YES_ERROR;
				CLANG_WARN_DOCUMENTATION_COMMENTS = YES;
				CLANG_WARN_EMPTY_BODY = YES;
				CLANG_WARN_ENUM_CONVERSION = YES;
				CLANG_WARN_INFINITE_RECURSION = YES;
				CLANG_WARN_INT_CONVERSION = YES;
				CLANG_WARN_OBJC_ROOT_CLASS = YES_ERROR;
				CLANG_WARN_SUSPICIOUS_MOVES = YES;
				CLANG_WARN_UNREACHABLE_CODE = YES;
				CLANG_WARN__DUPLICATE_METHOD_MATCH = YES;
				"CODE_SIGN_IDENTITY[sdk=iphoneos*]" = "iPhone Developer";
				COPY_PHASE_STRIP = NO;
				DEBUG_INFORMATION_FORMAT = dwarf;
				ENABLE_STRICT_OBJC_MSGSEND = YES;
				ENABLE_TESTABILITY = YES;
				GCC_C_LANGUAGE_STANDARD = gnu99;
				GCC_DYNAMIC_NO_PIC = NO;
				GCC_NO_COMMON_BLOCKS = YES;
				GCC_OPTIMIZATION_LEVEL = 0;
				GCC_PREPROCESSOR_DEFINITIONS = (
					"DEBUG=1",
					"$(inherited)",
				);
				GCC_WARN_64_TO_32_BIT_CONVERSION = YES;
				GCC_WARN_ABOUT_RETURN_TYPE = YES_ERROR;
				GCC_WARN_UNDECLARED_SELECTOR = YES;
				GCC_WARN_UNINITIALIZED_AUTOS = YES_AGGRESSIVE;
				GCC_WARN_UNUSED_FUNCTION = YES;
				GCC_WARN_UNUSED_VARIABLE = YES;
				IPHONEOS_DEPLOYMENT_TARGET = 9.0;
				MTL_ENABLE_DEBUG_INFO = YES;
				ONLY_ACTIVE_ARCH = YES;
				SDKROOT = iphoneos;
				SWIFT_ACTIVE_COMPILATION_CONDITIONS = DEBUG;
				SWIFT_OPTIMIZATION_LEVEL = "-Onone";
			};
			name = Debug;
		};
		9F383BFB1D9503EB000E18B0 /* Release */ = {
			isa = XCBuildConfiguration;
			buildSettings = {
				ALWAYS_SEARCH_USER_PATHS = NO;
				CLANG_ANALYZER_NONNULL = YES;
				CLANG_CXX_LANGUAGE_STANDARD = "gnu++0x";
				CLANG_CXX_LIBRARY = "libc++";
				CLANG_ENABLE_MODULES = YES;
				CLANG_ENABLE_OBJC_ARC = YES;
				CLANG_WARN_BOOL_CONVERSION = YES;
				CLANG_WARN_CONSTANT_CONVERSION = YES;
				CLANG_WARN_DIRECT_OBJC_ISA_USAGE = YES_ERROR;
				CLANG_WARN_DOCUMENTATION_COMMENTS = YES;
				CLANG_WARN_EMPTY_BODY = YES;
				CLANG_WARN_ENUM_CONVERSION = YES;
				CLANG_WARN_INFINITE_RECURSION = YES;
				CLANG_WARN_INT_CONVERSION = YES;
				CLANG_WARN_OBJC_ROOT_CLASS = YES_ERROR;
				CLANG_WARN_SUSPICIOUS_MOVES = YES;
				CLANG_WARN_UNREACHABLE_CODE = YES;
				CLANG_WARN__DUPLICATE_METHOD_MATCH = YES;
				"CODE_SIGN_IDENTITY[sdk=iphoneos*]" = "iPhone Developer";
				COPY_PHASE_STRIP = NO;
				DEBUG_INFORMATION_FORMAT = "dwarf-with-dsym";
				ENABLE_NS_ASSERTIONS = NO;
				ENABLE_STRICT_OBJC_MSGSEND = YES;
				GCC_C_LANGUAGE_STANDARD = gnu99;
				GCC_NO_COMMON_BLOCKS = YES;
				GCC_WARN_64_TO_32_BIT_CONVERSION = YES;
				GCC_WARN_ABOUT_RETURN_TYPE = YES_ERROR;
				GCC_WARN_UNDECLARED_SELECTOR = YES;
				GCC_WARN_UNINITIALIZED_AUTOS = YES_AGGRESSIVE;
				GCC_WARN_UNUSED_FUNCTION = YES;
				GCC_WARN_UNUSED_VARIABLE = YES;
				IPHONEOS_DEPLOYMENT_TARGET = 9.0;
				MTL_ENABLE_DEBUG_INFO = NO;
				SDKROOT = iphoneos;
				SWIFT_OPTIMIZATION_LEVEL = "-Owholemodule";
				VALIDATE_PRODUCT = YES;
			};
			name = Release;
		};
		9F383BFD1D9503EB000E18B0 /* Debug */ = {
			isa = XCBuildConfiguration;
			buildSettings = {
				ASSETCATALOG_COMPILER_APPICON_NAME = AppIcon;
				FRAMEWORK_SEARCH_PATHS = (
					"$(inherited)",
					"$(PROJECT_DIR)/Carthage/Build/iOS",
				);
				INFOPLIST_FILE = RxSchmidt/Info.plist;
				LD_RUNPATH_SEARCH_PATHS = "$(inherited) @executable_path/Frameworks";
				PRODUCT_BUNDLE_IDENTIFIER = mbnz.RxSchmidt;
				PRODUCT_NAME = "$(TARGET_NAME)";
				SWIFT_VERSION = 3.0;
			};
			name = Debug;
		};
		9F383BFE1D9503EB000E18B0 /* Release */ = {
			isa = XCBuildConfiguration;
			buildSettings = {
				ASSETCATALOG_COMPILER_APPICON_NAME = AppIcon;
				FRAMEWORK_SEARCH_PATHS = (
					"$(inherited)",
					"$(PROJECT_DIR)/Carthage/Build/iOS",
				);
				INFOPLIST_FILE = RxSchmidt/Info.plist;
				LD_RUNPATH_SEARCH_PATHS = "$(inherited) @executable_path/Frameworks";
				PRODUCT_BUNDLE_IDENTIFIER = mbnz.RxSchmidt;
				PRODUCT_NAME = "$(TARGET_NAME)";
				SWIFT_VERSION = 3.0;
			};
			name = Release;
		};
		9F383C001D9503EB000E18B0 /* Debug */ = {
			isa = XCBuildConfiguration;
			buildSettings = {
				ALWAYS_EMBED_SWIFT_STANDARD_LIBRARIES = YES;
				BUNDLE_LOADER = "$(TEST_HOST)";
				INFOPLIST_FILE = RxSchmidtTests/Info.plist;
				LD_RUNPATH_SEARCH_PATHS = "$(inherited) @executable_path/Frameworks @loader_path/Frameworks";
				PRODUCT_BUNDLE_IDENTIFIER = mbnz.RxSchmidtTests;
				PRODUCT_NAME = "$(TARGET_NAME)";
				SWIFT_VERSION = 3.0;
				TEST_HOST = "$(BUILT_PRODUCTS_DIR)/RxSchmidt.app/RxSchmidt";
			};
			name = Debug;
		};
		9F383C011D9503EB000E18B0 /* Release */ = {
			isa = XCBuildConfiguration;
			buildSettings = {
				ALWAYS_EMBED_SWIFT_STANDARD_LIBRARIES = YES;
				BUNDLE_LOADER = "$(TEST_HOST)";
				INFOPLIST_FILE = RxSchmidtTests/Info.plist;
				LD_RUNPATH_SEARCH_PATHS = "$(inherited) @executable_path/Frameworks @loader_path/Frameworks";
				PRODUCT_BUNDLE_IDENTIFIER = mbnz.RxSchmidtTests;
				PRODUCT_NAME = "$(TARGET_NAME)";
				SWIFT_VERSION = 3.0;
				TEST_HOST = "$(BUILT_PRODUCTS_DIR)/RxSchmidt.app/RxSchmidt";
			};
			name = Release;
		};
		9F383C031D9503EB000E18B0 /* Debug */ = {
			isa = XCBuildConfiguration;
			buildSettings = {
				ALWAYS_EMBED_SWIFT_STANDARD_LIBRARIES = YES;
				INFOPLIST_FILE = RxSchmidtUITests/Info.plist;
				LD_RUNPATH_SEARCH_PATHS = "$(inherited) @executable_path/Frameworks @loader_path/Frameworks";
				PRODUCT_BUNDLE_IDENTIFIER = mbnz.RxSchmidtUITests;
				PRODUCT_NAME = "$(TARGET_NAME)";
				SWIFT_VERSION = 3.0;
				TEST_TARGET_NAME = RxSchmidt;
			};
			name = Debug;
		};
		9F383C041D9503EB000E18B0 /* Release */ = {
			isa = XCBuildConfiguration;
			buildSettings = {
				ALWAYS_EMBED_SWIFT_STANDARD_LIBRARIES = YES;
				INFOPLIST_FILE = RxSchmidtUITests/Info.plist;
				LD_RUNPATH_SEARCH_PATHS = "$(inherited) @executable_path/Frameworks @loader_path/Frameworks";
				PRODUCT_BUNDLE_IDENTIFIER = mbnz.RxSchmidtUITests;
				PRODUCT_NAME = "$(TARGET_NAME)";
				SWIFT_VERSION = 3.0;
				TEST_TARGET_NAME = RxSchmidt;
			};
			name = Release;
		};
/* End XCBuildConfiguration section */

/* Begin XCConfigurationList section */
		9F383BCF1D9503EA000E18B0 /* Build configuration list for PBXProject "RxSchmidt" */ = {
			isa = XCConfigurationList;
			buildConfigurations = (
				9F383BFA1D9503EB000E18B0 /* Debug */,
				9F383BFB1D9503EB000E18B0 /* Release */,
			);
			defaultConfigurationIsVisible = 0;
			defaultConfigurationName = Release;
		};
		9F383BFC1D9503EB000E18B0 /* Build configuration list for PBXNativeTarget "RxSchmidt" */ = {
			isa = XCConfigurationList;
			buildConfigurations = (
				9F383BFD1D9503EB000E18B0 /* Debug */,
				9F383BFE1D9503EB000E18B0 /* Release */,
			);
			defaultConfigurationIsVisible = 0;
		};
		9F383BFF1D9503EB000E18B0 /* Build configuration list for PBXNativeTarget "RxSchmidtTests" */ = {
			isa = XCConfigurationList;
			buildConfigurations = (
				9F383C001D9503EB000E18B0 /* Debug */,
				9F383C011D9503EB000E18B0 /* Release */,
			);
			defaultConfigurationIsVisible = 0;
		};
		9F383C021D9503EB000E18B0 /* Build configuration list for PBXNativeTarget "RxSchmidtUITests" */ = {
			isa = XCConfigurationList;
			buildConfigurations = (
				9F383C031D9503EB000E18B0 /* Debug */,
				9F383C041D9503EB000E18B0 /* Release */,
			);
			defaultConfigurationIsVisible = 0;
		};
/* End XCConfigurationList section */
	};
	rootObject = 9F383BCC1D9503EA000E18B0 /* Project object */;
}
